
Microsoft Visual Studio Solution File, Format Version 12.00
# Visual Studio 15
VisualStudioVersion = 15.0.28307.168
MinimumVisualStudioVersion = 10.0.40219.1
Project("{FAE04EC0-301F-11D3-BF4B-00C04F79EFBC}") = "TestNB", "TestNB.csproj", "{7388F537-616C-470C-8D10-A3EA5B477531}"
EndProject
Global
	GlobalSection(SolutionConfigurationPlatforms) = preSolution
		Debug|x86 = Debug|x86
		Release|x86 = Release|x86
	EndGlobalSection
	GlobalSection(ProjectConfigurationPlatforms) = postSolution
		{7388F537-616C-470C-8D10-A3EA5B477531}.Debug|x86.ActiveCfg = Debug|x86
		{7388F537-616C-470C-8D10-A3EA5B477531}.Debug|x86.Build.0 = Debug|x86
		{7388F537-616C-470C-8D10-A3EA5B477531}.Release|x86.ActiveCfg = Release|x86
		{7388F537-616C-470C-8D10-A3EA5B477531}.Release|x86.Build.0 = Release|x86
	EndGlobalSection
	GlobalSection(SolutionProperties) = preSolution
		HideSolutionNode = FALSE
	EndGlobalSection
	GlobalSection(ExtensibilityGlobals) = postSolution
		SolutionGuid = {15D3F24C-8621-4C49-AEFD-C446BB8FFB9F}
	EndGlobalSection
EndGlobal
